
Microsoft Visual Studio Solution File, Format Version 12.00
# Visual Studio Version 17
VisualStudioVersion = 17.2.32516.85
MinimumVisualStudioVersion = 10.0.40219.1
Project("{FAE04EC0-301F-11D3-BF4B-00C04F79EFBC}") = "practicando app.Android", "practicando app.Android\practicando app.Android.csproj", "{929FA389-6F21-45AE-9A8E-B7A4C933358F}"
EndProject
Project("{FAE04EC0-301F-11D3-BF4B-00C04F79EFBC}") = "practicando app.iOS", "practicando app.iOS\practicando app.iOS.csproj", "{D742CAAE-5415-4D68-89CA-4F0DB3A288EC}"
EndProject
Project("{FAE04EC0-301F-11D3-BF4B-00C04F79EFBC}") = "practicando app", "practicando app\practicando app.csproj", "{7B55B8E5-81EB-432E-BD57-7A5A29858B70}"
EndProject
Global
	GlobalSection(SolutionConfigurationPlatforms) = preSolution
		Debug|Any CPU = Debug|Any CPU
		Debug|iPhone = Debug|iPhone
		Debug|iPhoneSimulator = Debug|iPhoneSimulator
		Release|Any CPU = Release|Any CPU
		Release|iPhone = Release|iPhone
		Release|iPhoneSimulator = Release|iPhoneSimulator
	EndGlobalSection
	GlobalSection(ProjectConfigurationPlatforms) = postSolution
		{929FA389-6F21-45AE-9A8E-B7A4C933358F}.Debug|Any CPU.ActiveCfg = Debug|Any CPU
		{929FA389-6F21-45AE-9A8E-B7A4C933358F}.Debug|Any CPU.Build.0 = Debug|Any CPU
		{929FA389-6F21-45AE-9A8E-B7A4C933358F}.Debug|Any CPU.Deploy.0 = Debug|Any CPU
		{929FA389-6F21-45AE-9A8E-B7A4C933358F}.Debug|iPhone.ActiveCfg = Debug|Any CPU
		{929FA389-6F21-45AE-9A8E-B7A4C933358F}.Debug|iPhone.Build.0 = Debug|Any CPU
		{929FA389-6F21-45AE-9A8E-B7A4C933358F}.Debug|iPhone.Deploy.0 = Debug|Any CPU
		{929FA389-6F21-45AE-9A8E-B7A4C933358F}.Debug|iPhoneSimulator.ActiveCfg = Debug|Any CPU
		{929FA389-6F21-45AE-9A8E-B7A4C933358F}.Debug|iPhoneSimulator.Build.0 = Debug|Any CPU
		{929FA389-6F21-45AE-9A8E-B7A4C933358F}.Debug|iPhoneSimulator.Deploy.0 = Debug|Any CPU
		{929FA389-6F21-45AE-9A8E-B7A4C933358F}.Release|Any CPU.ActiveCfg = Release|Any CPU
		{929FA389-6F21-45AE-9A8E-B7A4C933358F}.Release|Any CPU.Build.0 = Release|Any CPU
		{929FA389-6F21-45AE-9A8E-B7A4C933358F}.Release|Any CPU.Deploy.0 = Release|Any CPU
		{929FA389-6F21-45AE-9A8E-B7A4C933358F}.Release|iPhone.ActiveCfg = Release|Any CPU
		{929FA389-6F21-45AE-9A8E-B7A4C933358F}.Release|iPhone.Build.0 = Release|Any CPU
		{929FA389-6F21-45AE-9A8E-B7A4C933358F}.Release|iPhone.Deploy.0 = Release|Any CPU
		{929FA389-6F21-45AE-9A8E-B7A4C933358F}.Release|iPhoneSimulator.ActiveCfg = Release|Any CPU
		{929FA389-6F21-45AE-9A8E-B7A4C933358F}.Release|iPhoneSimulator.Build.0 = Release|Any CPU
		{929FA389-6F21-45AE-9A8E-B7A4C933358F}.Release|iPhoneSimulator.Deploy.0 = Release|Any CPU
		{D742CAAE-5415-4D68-89CA-4F0DB3A288EC}.Debug|Any CPU.ActiveCfg = Debug|iPhone
		{D742CAAE-5415-4D68-89CA-4F0DB3A288EC}.Debug|Any CPU.Build.0 = Debug|iPhone
		{D742CAAE-5415-4D68-89CA-4F0DB3A288EC}.Debug|Any CPU.Deploy.0 = Debug|iPhone
		{D742CAAE-5415-4D68-89CA-4F0DB3A288EC}.Debug|iPhone.ActiveCfg = Debug|iPhone
		{D742CAAE-5415-4D68-89CA-4F0DB3A288EC}.Debug|iPhone.Build.0 = Debug|iPhone
		{D742CAAE-5415-4D68-89CA-4F0DB3A288EC}.Debug|iPhone.Deploy.0 = Debug|iPhone
		{D742CAAE-5415-4D68-89CA-4F0DB3A288EC}.Debug|iPhoneSimulator.ActiveCfg = Debug|iPhoneSimulator
		{D742CAAE-5415-4D68-89CA-4F0DB3A288EC}.Debug|iPhoneSimulator.Build.0 = Debug|iPhoneSimulator
		{D742CAAE-5415-4D68-89CA-4F0DB3A288EC}.Debug|iPhoneSimulator.Deploy.0 = Debug|iPhoneSimulator
		{D742CAAE-5415-4D68-89CA-4F0DB3A288EC}.Release|Any CPU.ActiveCfg = Release|iPhoneSimulator
		{D742CAAE-5415-4D68-89CA-4F0DB3A288EC}.Release|Any CPU.Build.0 = Release|iPhoneSimulator
		{D742CAAE-5415-4D68-89CA-4F0DB3A288EC}.Release|Any CPU.Deploy.0 = Release|iPhoneSimulator
		{D742CAAE-5415-4D68-89CA-4F0DB3A288EC}.Release|iPhone.ActiveCfg = Release|iPhone
		{D742CAAE-5415-4D68-89CA-4F0DB3A288EC}.Release|iPhone.Build.0 = Release|iPhone
		{D742CAAE-5415-4D68-89CA-4F0DB3A288EC}.Release|iPhone.Deploy.0 = Release|iPhone
		{D742CAAE-5415-4D68-89CA-4F0DB3A288EC}.Release|iPhoneSimulator.ActiveCfg = Release|iPhoneSimulator
		{D742CAAE-5415-4D68-89CA-4F0DB3A288EC}.Release|iPhoneSimulator.Build.0 = Release|iPhoneSimulator
		{D742CAAE-5415-4D68-89CA-4F0DB3A288EC}.Release|iPhoneSimulator.Deploy.0 = Release|iPhoneSimulator
		{7B55B8E5-81EB-432E-BD57-7A5A29858B70}.Debug|Any CPU.ActiveCfg = Debug|Any CPU
		{7B55B8E5-81EB-432E-BD57-7A5A29858B70}.Debug|Any CPU.Build.0 = Debug|Any CPU
		{7B55B8E5-81EB-432E-BD57-7A5A29858B70}.Debug|Any CPU.Deploy.0 = Debug|Any CPU
		{7B55B8E5-81EB-432E-BD57-7A5A29858B70}.Debug|iPhone.ActiveCfg = Debug|Any CPU
		{7B55B8E5-81EB-432E-BD57-7A5A29858B70}.Debug|iPhone.Build.0 = Debug|Any CPU
		{7B55B8E5-81EB-432E-BD57-7A5A29858B70}.Debug|iPhone.Deploy.0 = Debug|Any CPU
		{7B55B8E5-81EB-432E-BD57-7A5A29858B70}.Debug|iPhoneSimulator.ActiveCfg = Debug|Any CPU
		{7B55B8E5-81EB-432E-BD57-7A5A29858B70}.Debug|iPhoneSimulator.Build.0 = Debug|Any CPU
		{7B55B8E5-81EB-432E-BD57-7A5A29858B70}.Debug|iPhoneSimulator.Deploy.0 = Debug|Any CPU
		{7B55B8E5-81EB-432E-BD57-7A5A29858B70}.Release|Any CPU.ActiveCfg = Release|Any CPU
		{7B55B8E5-81EB-432E-BD57-7A5A29858B70}.Release|Any CPU.Build.0 = Release|Any CPU
		{7B55B8E5-81EB-432E-BD57-7A5A29858B70}.Release|Any CPU.Deploy.0 = Release|Any CPU
		{7B55B8E5-81EB-432E-BD57-7A5A29858B70}.Release|iPhone.ActiveCfg = Release|Any CPU
		{7B55B8E5-81EB-432E-BD57-7A5A29858B70}.Release|iPhone.Build.0 = Release|Any CPU
		{7B55B8E5-81EB-432E-BD57-7A5A29858B70}.Release|iPhone.Deploy.0 = Release|Any CPU
		{7B55B8E5-81EB-432E-BD57-7A5A29858B70}.Release|iPhoneSimulator.ActiveCfg = Release|Any CPU
		{7B55B8E5-81EB-432E-BD57-7A5A29858B70}.Release|iPhoneSimulator.Build.0 = Release|Any CPU
		{7B55B8E5-81EB-432E-BD57-7A5A29858B70}.Release|iPhoneSimulator.Deploy.0 = Release|Any CPU
	EndGlobalSection
	GlobalSection(SolutionProperties) = preSolution
		HideSolutionNode = FALSE
	EndGlobalSection
	GlobalSection(ExtensibilityGlobals) = postSolution
		SolutionGuid = {43C20746-0DAF-463F-B8D5-E0AFB5ADFB77}
	EndGlobalSection
EndGlobal
